{
  "originHash" : "8ac7e70a04b0bd5f8ab81e6df7a1cc04e34e13db187fab6e259ec1906f25b978",
  "pins" : [
    {
      "identity" : "datestrings",
      "kind" : "remoteSourceControl",
      "location" : "https://github.com/othyn/DateStrings.git",
      "state" : {
        "revision" : "f62aa72a623caa85d0b7ec4f5199d3d61708bf3a",
        "version" : "1.0.1"
      }
    },
    {
      "identity" : "defaults",
      "kind" : "remoteSourceControl",
      "location" : "https://github.com/sindresorhus/Defaults",
      "state" : {
        "revision" : "119f654d44f7b90f00dc11f7dd1c94a36f12576b",
        "version" : "6.2.1"
      }
    },
    {
      "identity" : "keyboardshortcuts",
      "kind" : "remoteSourceControl",
      "location" : "https://github.com/sindresorhus/KeyboardShortcuts",
      "state" : {
        "revision" : "0dcedd56994d871f243f3d9c76590bfd9f8aba69",
        "version" : "1.5.0"
      }
    },
    {
      "identity" : "launchatlogin-modern",
      "kind" : "remoteSourceControl",
      "location" : "https://github.com/sindresorhus/LaunchAtLogin-Modern",
      "state" : {
        "revision" : "a04ec1c363be3627734f6dad757d82f5d4fa8fcc",
        "version" : "1.1.0"
      }
    },
    {
      "identity" : "opencv-spm",
      "kind" : "remoteSourceControl",
      "location" : "https://github.com/yeatse/opencv-spm.git",
      "state" : {
        "revision" : "9b5943c3095350dedfb2bebd276f05643b7045d1",
        "version" : "4.11.0"
      }
    }
  ],
  "version" : 3
}
